// !$*UTF8*$!
{
	archiveVersion = 1;
	classes = {
	};
	objectVersion = 55;
	objects = {

/* Begin PBXBuildFile section */
		2AFEB3A9AE3B0B1BAA77C313 /* Pods_FreeGames_iOS.framework in Frameworks */ = {isa = PBXBuildFile; fileRef = DDF7B94C8763D0C65035F688 /* Pods_FreeGames_iOS.framework */; };
		39657AA4904DAAFCEA742B2B /* Pods_FreeGames_iOSTests.framework in Frameworks */ = {isa = PBXBuildFile; fileRef = 10539B8567E3C9760A931FDB /* Pods_FreeGames_iOSTests.framework */; };
		4B289FCD0575F8064582FCEE /* Pods_FreeGames_iOS_FreeGames_iOSUITests.framework in Frameworks */ = {isa = PBXBuildFile; fileRef = 0985A8314D2B69AE23E2F260 /* Pods_FreeGames_iOS_FreeGames_iOSUITests.framework */; };
		C70A350027A2B83000118998 /* GameProvider.swift in Sources */ = {isa = PBXBuildFile; fileRef = C70A34FF27A2B83000118998 /* GameProvider.swift */; };
		C70A350327A2C5A700118998 /* UIViewControllerExtension.swift in Sources */ = {isa = PBXBuildFile; fileRef = C70A350227A2C5A700118998 /* UIViewControllerExtension.swift */; };
		C70A350727A2C7FD00118998 /* GameDetailViewController.storyboard in Resources */ = {isa = PBXBuildFile; fileRef = C70A350627A2C7FC00118998 /* GameDetailViewController.storyboard */; };
		C70A350927A2C81900118998 /* GameDetailViewController.swift in Sources */ = {isa = PBXBuildFile; fileRef = C70A350827A2C81900118998 /* GameDetailViewController.swift */; };
		C70A350C27A2D33100118998 /* GamesListWireframe.swift in Sources */ = {isa = PBXBuildFile; fileRef = C70A350B27A2D33100118998 /* GamesListWireframe.swift */; };
		C70A350E27A2D39400118998 /* GameDetailControllerBuilder.swift in Sources */ = {isa = PBXBuildFile; fileRef = C70A350D27A2D39400118998 /* GameDetailControllerBuilder.swift */; };
		C75872FA279F58AD006C0A64 /* AppDelegate.swift in Sources */ = {isa = PBXBuildFile; fileRef = C75872F9279F58AD006C0A64 /* AppDelegate.swift */; };
		C75872FC279F58AD006C0A64 /* SceneDelegate.swift in Sources */ = {isa = PBXBuildFile; fileRef = C75872FB279F58AD006C0A64 /* SceneDelegate.swift */; };
		C7587303279F58B0006C0A64 /* Assets.xcassets in Resources */ = {isa = PBXBuildFile; fileRef = C7587302279F58B0006C0A64 /* Assets.xcassets */; };
		C7587306279F58B0006C0A64 /* LaunchScreen.storyboard in Resources */ = {isa = PBXBuildFile; fileRef = C7587304279F58B0006C0A64 /* LaunchScreen.storyboard */; };
		C7587311279F58B0006C0A64 /* FreeGames_iOSTests.swift in Sources */ = {isa = PBXBuildFile; fileRef = C7587310279F58B0006C0A64 /* FreeGames_iOSTests.swift */; };
		C758731B279F58B0006C0A64 /* FreeGames_iOSUITests.swift in Sources */ = {isa = PBXBuildFile; fileRef = C758731A279F58B0006C0A64 /* FreeGames_iOSUITests.swift */; };
		C758731D279F58B0006C0A64 /* FreeGames_iOSUITestsLaunchTests.swift in Sources */ = {isa = PBXBuildFile; fileRef = C758731C279F58B0006C0A64 /* FreeGames_iOSUITestsLaunchTests.swift */; };
		C758732C279F5D80006C0A64 /* InitialControllerBuilder.swift in Sources */ = {isa = PBXBuildFile; fileRef = C758732B279F5D80006C0A64 /* InitialControllerBuilder.swift */; };
		C7587332279F5F3F006C0A64 /* Game.swift in Sources */ = {isa = PBXBuildFile; fileRef = C7587331279F5F3F006C0A64 /* Game.swift */; };
		C7587334279F6326006C0A64 /* GamesCollectionViewCell.swift in Sources */ = {isa = PBXBuildFile; fileRef = C7587333279F6326006C0A64 /* GamesCollectionViewCell.swift */; };
		C7587336279F63B3006C0A64 /* GamesControllerBuilder.swift in Sources */ = {isa = PBXBuildFile; fileRef = C7587335279F63B3006C0A64 /* GamesControllerBuilder.swift */; };
		C7587338279F63C3006C0A64 /* GamesViewContract.swift in Sources */ = {isa = PBXBuildFile; fileRef = C7587337279F63C3006C0A64 /* GamesViewContract.swift */; };
		C758733A279F65B5006C0A64 /* GamesListPresenter.swift in Sources */ = {isa = PBXBuildFile; fileRef = C7587339279F65B5006C0A64 /* GamesListPresenter.swift */; };
		C758733C279F65C1006C0A64 /* GamesListInteractor.swift in Sources */ = {isa = PBXBuildFile; fileRef = C758733B279F65C1006C0A64 /* GamesListInteractor.swift */; };
		C7587340279F6D00006C0A64 /* ServiceConstants.swift in Sources */ = {isa = PBXBuildFile; fileRef = C758733F279F6D00006C0A64 /* ServiceConstants.swift */; };
		C7587342279F7362006C0A64 /* ListGamesViewController.storyboard in Resources */ = {isa = PBXBuildFile; fileRef = C7587341279F7362006C0A64 /* ListGamesViewController.storyboard */; };
		C7587344279F7387006C0A64 /* ListGamesViewController.swift in Sources */ = {isa = PBXBuildFile; fileRef = C7587343279F7387006C0A64 /* ListGamesViewController.swift */; };
		C76CB4C727A9488400A3D65C /* UserFormViewController.storyboard in Resources */ = {isa = PBXBuildFile; fileRef = C76CB4C627A9488400A3D65C /* UserFormViewController.storyboard */; };
		C76CB4C927A9488E00A3D65C /* UserFormViewController.swift in Sources */ = {isa = PBXBuildFile; fileRef = C76CB4C827A9488E00A3D65C /* UserFormViewController.swift */; };
		C76CB4D127A954A900A3D65C /* UserFormBuilder.swift in Sources */ = {isa = PBXBuildFile; fileRef = C76CB4D027A954A900A3D65C /* UserFormBuilder.swift */; };
		C76CB4D327A954B400A3D65C /* UserFormContract.swift in Sources */ = {isa = PBXBuildFile; fileRef = C76CB4D227A954B400A3D65C /* UserFormContract.swift */; };
		C76CB4D527A954C000A3D65C /* UserFormPresenter.swift in Sources */ = {isa = PBXBuildFile; fileRef = C76CB4D427A954C000A3D65C /* UserFormPresenter.swift */; };
		C76CB4D727A954C700A3D65C /* UserFormInteractor.swift in Sources */ = {isa = PBXBuildFile; fileRef = C76CB4D627A954C700A3D65C /* UserFormInteractor.swift */; };
		C76CB4DA27A9838F00A3D65C /* User.swift in Sources */ = {isa = PBXBuildFile; fileRef = C76CB4D927A9838F00A3D65C /* User.swift */; };
		C76CB4DC27A98A9500A3D65C /* UserProvider.swift in Sources */ = {isa = PBXBuildFile; fileRef = C76CB4DB27A98A9500A3D65C /* UserProvider.swift */; };
		C76F746E27AD4137005E80B5 /* PermissionContract.swift in Sources */ = {isa = PBXBuildFile; fileRef = C76F746D27AD4137005E80B5 /* PermissionContract.swift */; };
		C76F747227AD4680005E80B5 /* PermissionViewController.storyboard in Resources */ = {isa = PBXBuildFile; fileRef = C76F747127AD4680005E80B5 /* PermissionViewController.storyboard */; };
		C76F747427AD468B005E80B5 /* PermissionViewController.swift in Sources */ = {isa = PBXBuildFile; fileRef = C76F747327AD468B005E80B5 /* PermissionViewController.swift */; };
		C76F747627AD51B4005E80B5 /* PermissionPresenter.swift in Sources */ = {isa = PBXBuildFile; fileRef = C76F747527AD51B4005E80B5 /* PermissionPresenter.swift */; };
		C76F747A27AD92AB005E80B5 /* PermissionControllerBuilder.swift in Sources */ = {isa = PBXBuildFile; fileRef = C76F747927AD92AB005E80B5 /* PermissionControllerBuilder.swift */; };
		C798E0D627AB238600E32C3F /* Localizable.strings in Resources */ = {isa = PBXBuildFile; fileRef = C798E0D827AB238600E32C3F /* Localizable.strings */; };
		C798E0DC27AB256700E32C3F /* StringExtensions.swift in Sources */ = {isa = PBXBuildFile; fileRef = C798E0DB27AB256700E32C3F /* StringExtensions.swift */; };
		C7DDAADE27A5B24800F0EF71 /* BundleExtensions.swift in Sources */ = {isa = PBXBuildFile; fileRef = C7DDAADD27A5B24800F0EF71 /* BundleExtensions.swift */; };
		C7DDAAE027A5B96F00F0EF71 /* GameDetail.swift in Sources */ = {isa = PBXBuildFile; fileRef = C7DDAADF27A5B96F00F0EF71 /* GameDetail.swift */; };
/* End PBXBuildFile section */

/* Begin PBXContainerItemProxy section */
		C758730D279F58B0006C0A64 /* PBXContainerItemProxy */ = {
			isa = PBXContainerItemProxy;
			containerPortal = C75872EE279F58AD006C0A64 /* Project object */;
			proxyType = 1;
			remoteGlobalIDString = C75872F5279F58AD006C0A64;
			remoteInfo = "FreeGames-iOS";
		};
		C7587317279F58B0006C0A64 /* PBXContainerItemProxy */ = {
			isa = PBXContainerItemProxy;
			containerPortal = C75872EE279F58AD006C0A64 /* Project object */;
			proxyType = 1;
			remoteGlobalIDString = C75872F5279F58AD006C0A64;
			remoteInfo = "FreeGames-iOS";
		};
/* End PBXContainerItemProxy section */

/* Begin PBXFileReference section */
		0985A8314D2B69AE23E2F260 /* Pods_FreeGames_iOS_FreeGames_iOSUITests.framework */ = {isa = PBXFileReference; explicitFileType = wrapper.framework; includeInIndex = 0; path = Pods_FreeGames_iOS_FreeGames_iOSUITests.framework; sourceTree = BUILT_PRODUCTS_DIR; };
		10539B8567E3C9760A931FDB /* Pods_FreeGames_iOSTests.framework */ = {isa = PBXFileReference; explicitFileType = wrapper.framework; includeInIndex = 0; path = Pods_FreeGames_iOSTests.framework; sourceTree = BUILT_PRODUCTS_DIR; };
		30A8E0EC6027A5E96AF5FF27 /* Pods-FreeGames-iOSTests.release.xcconfig */ = {isa = PBXFileReference; includeInIndex = 1; lastKnownFileType = text.xcconfig; name = "Pods-FreeGames-iOSTests.release.xcconfig"; path = "Target Support Files/Pods-FreeGames-iOSTests/Pods-FreeGames-iOSTests.release.xcconfig"; sourceTree = "<group>"; };
		79B81D66BBE486C962D8BCBD /* Pods-FreeGames-iOS.debug.xcconfig */ = {isa = PBXFileReference; includeInIndex = 1; lastKnownFileType = text.xcconfig; name = "Pods-FreeGames-iOS.debug.xcconfig"; path = "Target Support Files/Pods-FreeGames-iOS/Pods-FreeGames-iOS.debug.xcconfig"; sourceTree = "<group>"; };
		857B0068B31B8FA1AEBF6890 /* Pods-FreeGames-iOS-FreeGames-iOSUITests.release.xcconfig */ = {isa = PBXFileReference; includeInIndex = 1; lastKnownFileType = text.xcconfig; name = "Pods-FreeGames-iOS-FreeGames-iOSUITests.release.xcconfig"; path = "Target Support Files/Pods-FreeGames-iOS-FreeGames-iOSUITests/Pods-FreeGames-iOS-FreeGames-iOSUITests.release.xcconfig"; sourceTree = "<group>"; };
		9F83AE252800A6C6B4687B17 /* Pods-FreeGames-iOSTests.debug.xcconfig */ = {isa = PBXFileReference; includeInIndex = 1; lastKnownFileType = text.xcconfig; name = "Pods-FreeGames-iOSTests.debug.xcconfig"; path = "Target Support Files/Pods-FreeGames-iOSTests/Pods-FreeGames-iOSTests.debug.xcconfig"; sourceTree = "<group>"; };
		C70A34FF27A2B83000118998 /* GameProvider.swift */ = {isa = PBXFileReference; lastKnownFileType = sourcecode.swift; path = GameProvider.swift; sourceTree = "<group>"; };
		C70A350227A2C5A700118998 /* UIViewControllerExtension.swift */ = {isa = PBXFileReference; lastKnownFileType = sourcecode.swift; path = UIViewControllerExtension.swift; sourceTree = "<group>"; };
		C70A350627A2C7FC00118998 /* GameDetailViewController.storyboard */ = {isa = PBXFileReference; lastKnownFileType = file.storyboard; path = GameDetailViewController.storyboard; sourceTree = "<group>"; };
		C70A350827A2C81900118998 /* GameDetailViewController.swift */ = {isa = PBXFileReference; lastKnownFileType = sourcecode.swift; path = GameDetailViewController.swift; sourceTree = "<group>"; };
		C70A350B27A2D33100118998 /* GamesListWireframe.swift */ = {isa = PBXFileReference; lastKnownFileType = sourcecode.swift; path = GamesListWireframe.swift; sourceTree = "<group>"; };
		C70A350D27A2D39400118998 /* GameDetailControllerBuilder.swift */ = {isa = PBXFileReference; lastKnownFileType = sourcecode.swift; path = GameDetailControllerBuilder.swift; sourceTree = "<group>"; };
		C75872F6279F58AD006C0A64 /* FreeGames-iOS.app */ = {isa = PBXFileReference; explicitFileType = wrapper.application; includeInIndex = 0; path = "FreeGames-iOS.app"; sourceTree = BUILT_PRODUCTS_DIR; };
		C75872F9279F58AD006C0A64 /* AppDelegate.swift */ = {isa = PBXFileReference; lastKnownFileType = sourcecode.swift; path = AppDelegate.swift; sourceTree = "<group>"; };
		C75872FB279F58AD006C0A64 /* SceneDelegate.swift */ = {isa = PBXFileReference; lastKnownFileType = sourcecode.swift; path = SceneDelegate.swift; sourceTree = "<group>"; };
		C7587302279F58B0006C0A64 /* Assets.xcassets */ = {isa = PBXFileReference; lastKnownFileType = folder.assetcatalog; path = Assets.xcassets; sourceTree = "<group>"; };
		C7587305279F58B0006C0A64 /* Base */ = {isa = PBXFileReference; lastKnownFileType = file.storyboard; name = Base; path = Base.lproj/LaunchScreen.storyboard; sourceTree = "<group>"; };
		C7587307279F58B0006C0A64 /* Info.plist */ = {isa = PBXFileReference; lastKnownFileType = text.plist.xml; path = Info.plist; sourceTree = "<group>"; };
		C758730C279F58B0006C0A64 /* FreeGames-iOSTests.xctest */ = {isa = PBXFileReference; explicitFileType = wrapper.cfbundle; includeInIndex = 0; path = "FreeGames-iOSTests.xctest"; sourceTree = BUILT_PRODUCTS_DIR; };
		C7587310279F58B0006C0A64 /* FreeGames_iOSTests.swift */ = {isa = PBXFileReference; lastKnownFileType = sourcecode.swift; path = FreeGames_iOSTests.swift; sourceTree = "<group>"; };
		C7587316279F58B0006C0A64 /* FreeGames-iOSUITests.xctest */ = {isa = PBXFileReference; explicitFileType = wrapper.cfbundle; includeInIndex = 0; path = "FreeGames-iOSUITests.xctest"; sourceTree = BUILT_PRODUCTS_DIR; };
		C758731A279F58B0006C0A64 /* FreeGames_iOSUITests.swift */ = {isa = PBXFileReference; lastKnownFileType = sourcecode.swift; path = FreeGames_iOSUITests.swift; sourceTree = "<group>"; };
		C758731C279F58B0006C0A64 /* FreeGames_iOSUITestsLaunchTests.swift */ = {isa = PBXFileReference; lastKnownFileType = sourcecode.swift; path = FreeGames_iOSUITestsLaunchTests.swift; sourceTree = "<group>"; };
		C758732B279F5D80006C0A64 /* InitialControllerBuilder.swift */ = {isa = PBXFileReference; lastKnownFileType = sourcecode.swift; path = InitialControllerBuilder.swift; sourceTree = "<group>"; };
		C7587331279F5F3F006C0A64 /* Game.swift */ = {isa = PBXFileReference; lastKnownFileType = sourcecode.swift; path = Game.swift; sourceTree = "<group>"; };
		C7587333279F6326006C0A64 /* GamesCollectionViewCell.swift */ = {isa = PBXFileReference; lastKnownFileType = sourcecode.swift; path = GamesCollectionViewCell.swift; sourceTree = "<group>"; };
		C7587335279F63B3006C0A64 /* GamesControllerBuilder.swift */ = {isa = PBXFileReference; lastKnownFileType = sourcecode.swift; path = GamesControllerBuilder.swift; sourceTree = "<group>"; };
		C7587337279F63C3006C0A64 /* GamesViewContract.swift */ = {isa = PBXFileReference; lastKnownFileType = sourcecode.swift; path = GamesViewContract.swift; sourceTree = "<group>"; };
		C7587339279F65B5006C0A64 /* GamesListPresenter.swift */ = {isa = PBXFileReference; lastKnownFileType = sourcecode.swift; path = GamesListPresenter.swift; sourceTree = "<group>"; };
		C758733B279F65C1006C0A64 /* GamesListInteractor.swift */ = {isa = PBXFileReference; lastKnownFileType = sourcecode.swift; path = GamesListInteractor.swift; sourceTree = "<group>"; };
		C758733F279F6D00006C0A64 /* ServiceConstants.swift */ = {isa = PBXFileReference; lastKnownFileType = sourcecode.swift; path = ServiceConstants.swift; sourceTree = "<group>"; };
		C7587341279F7362006C0A64 /* ListGamesViewController.storyboard */ = {isa = PBXFileReference; lastKnownFileType = file.storyboard; path = ListGamesViewController.storyboard; sourceTree = "<group>"; };
		C7587343279F7387006C0A64 /* ListGamesViewController.swift */ = {isa = PBXFileReference; lastKnownFileType = sourcecode.swift; path = ListGamesViewController.swift; sourceTree = "<group>"; };
		C76CB4C627A9488400A3D65C /* UserFormViewController.storyboard */ = {isa = PBXFileReference; lastKnownFileType = file.storyboard; path = UserFormViewController.storyboard; sourceTree = "<group>"; };
		C76CB4C827A9488E00A3D65C /* UserFormViewController.swift */ = {isa = PBXFileReference; lastKnownFileType = sourcecode.swift; path = UserFormViewController.swift; sourceTree = "<group>"; };
		C76CB4D027A954A900A3D65C /* UserFormBuilder.swift */ = {isa = PBXFileReference; lastKnownFileType = sourcecode.swift; path = UserFormBuilder.swift; sourceTree = "<group>"; };
		C76CB4D227A954B400A3D65C /* UserFormContract.swift */ = {isa = PBXFileReference; lastKnownFileType = sourcecode.swift; path = UserFormContract.swift; sourceTree = "<group>"; };
		C76CB4D427A954C000A3D65C /* UserFormPresenter.swift */ = {isa = PBXFileReference; lastKnownFileType = sourcecode.swift; path = UserFormPresenter.swift; sourceTree = "<group>"; };
		C76CB4D627A954C700A3D65C /* UserFormInteractor.swift */ = {isa = PBXFileReference; lastKnownFileType = sourcecode.swift; path = UserFormInteractor.swift; sourceTree = "<group>"; };
		C76CB4D927A9838F00A3D65C /* User.swift */ = {isa = PBXFileReference; lastKnownFileType = sourcecode.swift; path = User.swift; sourceTree = "<group>"; };
		C76CB4DB27A98A9500A3D65C /* UserProvider.swift */ = {isa = PBXFileReference; lastKnownFileType = sourcecode.swift; path = UserProvider.swift; sourceTree = "<group>"; };
		C76F746D27AD4137005E80B5 /* PermissionContract.swift */ = {isa = PBXFileReference; lastKnownFileType = sourcecode.swift; path = PermissionContract.swift; sourceTree = "<group>"; };
		C76F747127AD4680005E80B5 /* PermissionViewController.storyboard */ = {isa = PBXFileReference; lastKnownFileType = file.storyboard; path = PermissionViewController.storyboard; sourceTree = "<group>"; };
		C76F747327AD468B005E80B5 /* PermissionViewController.swift */ = {isa = PBXFileReference; lastKnownFileType = sourcecode.swift; path = PermissionViewController.swift; sourceTree = "<group>"; };
		C76F747527AD51B4005E80B5 /* PermissionPresenter.swift */ = {isa = PBXFileReference; lastKnownFileType = sourcecode.swift; path = PermissionPresenter.swift; sourceTree = "<group>"; };
		C76F747927AD92AB005E80B5 /* PermissionControllerBuilder.swift */ = {isa = PBXFileReference; lastKnownFileType = sourcecode.swift; path = PermissionControllerBuilder.swift; sourceTree = "<group>"; };
		C798E0D727AB238600E32C3F /* en */ = {isa = PBXFileReference; lastKnownFileType = text.plist.strings; name = en; path = en.lproj/Localizable.strings; sourceTree = "<group>"; };
		C798E0DA27AB23CE00E32C3F /* es */ = {isa = PBXFileReference; lastKnownFileType = text.plist.strings; name = es; path = es.lproj/Localizable.strings; sourceTree = "<group>"; };
		C798E0DB27AB256700E32C3F /* StringExtensions.swift */ = {isa = PBXFileReference; lastKnownFileType = sourcecode.swift; path = StringExtensions.swift; sourceTree = "<group>"; };
		C7DDAADD27A5B24800F0EF71 /* BundleExtensions.swift */ = {isa = PBXFileReference; lastKnownFileType = sourcecode.swift; path = BundleExtensions.swift; sourceTree = "<group>"; };
		C7DDAADF27A5B96F00F0EF71 /* GameDetail.swift */ = {isa = PBXFileReference; lastKnownFileType = sourcecode.swift; path = GameDetail.swift; sourceTree = "<group>"; };
		DDF7B94C8763D0C65035F688 /* Pods_FreeGames_iOS.framework */ = {isa = PBXFileReference; explicitFileType = wrapper.framework; includeInIndex = 0; path = Pods_FreeGames_iOS.framework; sourceTree = BUILT_PRODUCTS_DIR; };
		E0622FB1FD98B4133E48B6CC /* Pods-FreeGames-iOS.release.xcconfig */ = {isa = PBXFileReference; includeInIndex = 1; lastKnownFileType = text.xcconfig; name = "Pods-FreeGames-iOS.release.xcconfig"; path = "Target Support Files/Pods-FreeGames-iOS/Pods-FreeGames-iOS.release.xcconfig"; sourceTree = "<group>"; };
		FEB6DE9DD241DC20C8EADABF /* Pods-FreeGames-iOS-FreeGames-iOSUITests.debug.xcconfig */ = {isa = PBXFileReference; includeInIndex = 1; lastKnownFileType = text.xcconfig; name = "Pods-FreeGames-iOS-FreeGames-iOSUITests.debug.xcconfig"; path = "Target Support Files/Pods-FreeGames-iOS-FreeGames-iOSUITests/Pods-FreeGames-iOS-FreeGames-iOSUITests.debug.xcconfig"; sourceTree = "<group>"; };
/* End PBXFileReference section */

/* Begin PBXFrameworksBuildPhase section */
		C75872F3279F58AD006C0A64 /* Frameworks */ = {
			isa = PBXFrameworksBuildPhase;
			buildActionMask = 2147483647;
			files = (
				2AFEB3A9AE3B0B1BAA77C313 /* Pods_FreeGames_iOS.framework in Frameworks */,
			);
			runOnlyForDeploymentPostprocessing = 0;
		};
		C7587309279F58B0006C0A64 /* Frameworks */ = {
			isa = PBXFrameworksBuildPhase;
			buildActionMask = 2147483647;
			files = (
				39657AA4904DAAFCEA742B2B /* Pods_FreeGames_iOSTests.framework in Frameworks */,
			);
			runOnlyForDeploymentPostprocessing = 0;
		};
		C7587313279F58B0006C0A64 /* Frameworks */ = {
			isa = PBXFrameworksBuildPhase;
			buildActionMask = 2147483647;
			files = (
				4B289FCD0575F8064582FCEE /* Pods_FreeGames_iOS_FreeGames_iOSUITests.framework in Frameworks */,
			);
			runOnlyForDeploymentPostprocessing = 0;
		};
/* End PBXFrameworksBuildPhase section */

/* Begin PBXGroup section */
		36A1CFFBCE6DC9BEF3A62C15 /* Frameworks */ = {
			isa = PBXGroup;
			children = (
				DDF7B94C8763D0C65035F688 /* Pods_FreeGames_iOS.framework */,
				0985A8314D2B69AE23E2F260 /* Pods_FreeGames_iOS_FreeGames_iOSUITests.framework */,
				10539B8567E3C9760A931FDB /* Pods_FreeGames_iOSTests.framework */,
			);
			name = Frameworks;
			sourceTree = "<group>";
		};
		8F1AF39A9DCA206507EF23AA /* Pods */ = {
			isa = PBXGroup;
			children = (
				79B81D66BBE486C962D8BCBD /* Pods-FreeGames-iOS.debug.xcconfig */,
				E0622FB1FD98B4133E48B6CC /* Pods-FreeGames-iOS.release.xcconfig */,
				FEB6DE9DD241DC20C8EADABF /* Pods-FreeGames-iOS-FreeGames-iOSUITests.debug.xcconfig */,
				857B0068B31B8FA1AEBF6890 /* Pods-FreeGames-iOS-FreeGames-iOSUITests.release.xcconfig */,
				9F83AE252800A6C6B4687B17 /* Pods-FreeGames-iOSTests.debug.xcconfig */,
				30A8E0EC6027A5E96AF5FF27 /* Pods-FreeGames-iOSTests.release.xcconfig */,
			);
			path = Pods;
			sourceTree = "<group>";
		};
		C70A34FE27A2B80900118998 /* Providers */ = {
			isa = PBXGroup;
			children = (
				C70A34FF27A2B83000118998 /* GameProvider.swift */,
				C76CB4DB27A98A9500A3D65C /* UserProvider.swift */,
			);
			path = Providers;
			sourceTree = "<group>";
		};
		C70A350127A2C57D00118998 /* Extensions */ = {
			isa = PBXGroup;
			children = (
				C70A350227A2C5A700118998 /* UIViewControllerExtension.swift */,
				C7DDAADD27A5B24800F0EF71 /* BundleExtensions.swift */,
				C798E0DB27AB256700E32C3F /* StringExtensions.swift */,
			);
			path = Extensions;
			sourceTree = "<group>";
		};
		C70A350427A2C7B100118998 /* GameDetailController */ = {
			isa = PBXGroup;
			children = (
				C70A350527A2C7D900118998 /* View */,
				C7E78E5227A869F600A25568 /* Model */,
				C70A350D27A2D39400118998 /* GameDetailControllerBuilder.swift */,
			);
			path = GameDetailController;
			sourceTree = "<group>";
		};
		C70A350527A2C7D900118998 /* View */ = {
			isa = PBXGroup;
			children = (
				C76CB4CC27A948BA00A3D65C /* UI */,
				C70A350827A2C81900118998 /* GameDetailViewController.swift */,
			);
			path = View;
			sourceTree = "<group>";
		};
		C70A350A27A2D31700118998 /* Wireframe */ = {
			isa = PBXGroup;
			children = (
				C70A350B27A2D33100118998 /* GamesListWireframe.swift */,
			);
			path = Wireframe;
			sourceTree = "<group>";
		};
		C75872ED279F58AD006C0A64 = {
			isa = PBXGroup;
			children = (
				C75872F8279F58AD006C0A64 /* FreeGames-iOS */,
				C758730F279F58B0006C0A64 /* FreeGames-iOSTests */,
				C7587319279F58B0006C0A64 /* FreeGames-iOSUITests */,
				C75872F7279F58AD006C0A64 /* Products */,
				8F1AF39A9DCA206507EF23AA /* Pods */,
				36A1CFFBCE6DC9BEF3A62C15 /* Frameworks */,
			);
			sourceTree = "<group>";
		};
		C75872F7279F58AD006C0A64 /* Products */ = {
			isa = PBXGroup;
			children = (
				C75872F6279F58AD006C0A64 /* FreeGames-iOS.app */,
				C758730C279F58B0006C0A64 /* FreeGames-iOSTests.xctest */,
				C7587316279F58B0006C0A64 /* FreeGames-iOSUITests.xctest */,
			);
			name = Products;
			sourceTree = "<group>";
		};
		C75872F8279F58AD006C0A64 /* FreeGames-iOS */ = {
			isa = PBXGroup;
			children = (
				C758733D279F6CE8006C0A64 /* Utils */,
				C70A34FE27A2B80900118998 /* Providers */,
				C7587329279F5A52006C0A64 /* Modules */,
				C75872F9279F58AD006C0A64 /* AppDelegate.swift */,
				C75872FB279F58AD006C0A64 /* SceneDelegate.swift */,
				C7587302279F58B0006C0A64 /* Assets.xcassets */,
				C7587304279F58B0006C0A64 /* LaunchScreen.storyboard */,
				C7587307279F58B0006C0A64 /* Info.plist */,
				C798E0D227AB22CB00E32C3F /* Supporting files */,
			);
			path = "FreeGames-iOS";
			sourceTree = "<group>";
		};
		C758730F279F58B0006C0A64 /* FreeGames-iOSTests */ = {
			isa = PBXGroup;
			children = (
				C7587310279F58B0006C0A64 /* FreeGames_iOSTests.swift */,
			);
			path = "FreeGames-iOSTests";
			sourceTree = "<group>";
		};
		C7587319279F58B0006C0A64 /* FreeGames-iOSUITests */ = {
			isa = PBXGroup;
			children = (
				C758731A279F58B0006C0A64 /* FreeGames_iOSUITests.swift */,
				C758731C279F58B0006C0A64 /* FreeGames_iOSUITestsLaunchTests.swift */,
			);
			path = "FreeGames-iOSUITests";
			sourceTree = "<group>";
		};
		C7587329279F5A52006C0A64 /* Modules */ = {
			isa = PBXGroup;
			children = (
				C76F746927AD40E6005E80B5 /* PermissionController */,
				C76CB4C527A9486600A3D65C /* UserFormController */,
				C70A350427A2C7B100118998 /* GameDetailController */,
				C758732A279F5D46006C0A64 /* GamesController */,
				C758732B279F5D80006C0A64 /* InitialControllerBuilder.swift */,
			);
			path = Modules;
			sourceTree = "<group>";
		};
		C758732A279F5D46006C0A64 /* GamesController */ = {
			isa = PBXGroup;
			children = (
				C758732D279F5EC7006C0A64 /* View */,
				C758732E279F5ED2006C0A64 /* Interactor */,
				C758732F279F5EDB006C0A64 /* Presenter */,
				C7587330279F5F0A006C0A64 /* Model */,
				C70A350A27A2D31700118998 /* Wireframe */,
				C7587335279F63B3006C0A64 /* GamesControllerBuilder.swift */,
				C7587337279F63C3006C0A64 /* GamesViewContract.swift */,
			);
			path = GamesController;
			sourceTree = "<group>";
		};
		C758732D279F5EC7006C0A64 /* View */ = {
			isa = PBXGroup;
			children = (
				C76CB4CD27A948C400A3D65C /* UI */,
				C7587343279F7387006C0A64 /* ListGamesViewController.swift */,
				C7587333279F6326006C0A64 /* GamesCollectionViewCell.swift */,
			);
			path = View;
			sourceTree = "<group>";
		};
		C758732E279F5ED2006C0A64 /* Interactor */ = {
			isa = PBXGroup;
			children = (
				C758733B279F65C1006C0A64 /* GamesListInteractor.swift */,
			);
			path = Interactor;
			sourceTree = "<group>";
		};
		C758732F279F5EDB006C0A64 /* Presenter */ = {
			isa = PBXGroup;
			children = (
				C7587339279F65B5006C0A64 /* GamesListPresenter.swift */,
			);
			path = Presenter;
			sourceTree = "<group>";
		};
		C7587330279F5F0A006C0A64 /* Model */ = {
			isa = PBXGroup;
			children = (
				C7587331279F5F3F006C0A64 /* Game.swift */,
			);
			path = Model;
			sourceTree = "<group>";
		};
		C758733D279F6CE8006C0A64 /* Utils */ = {
			isa = PBXGroup;
			children = (
				C70A350127A2C57D00118998 /* Extensions */,
				C758733E279F6CF1006C0A64 /* Service */,
			);
			path = Utils;
			sourceTree = "<group>";
		};
		C758733E279F6CF1006C0A64 /* Service */ = {
			isa = PBXGroup;
			children = (
				C758733F279F6D00006C0A64 /* ServiceConstants.swift */,
			);
			path = Service;
			sourceTree = "<group>";
		};
		C76CB4C527A9486600A3D65C /* UserFormController */ = {
			isa = PBXGroup;
			children = (
				C76CB4D827A9838100A3D65C /* Model */,
				C76CB4CA27A9489600A3D65C /* View */,
				C76CB4CF27A9548B00A3D65C /* Interactor */,
				C76CB4CE27A9547C00A3D65C /* Presenter */,
				C76CB4D027A954A900A3D65C /* UserFormBuilder.swift */,
				C76CB4D227A954B400A3D65C /* UserFormContract.swift */,
			);
			path = UserFormController;
			sourceTree = "<group>";
		};
		C76CB4CA27A9489600A3D65C /* View */ = {
			isa = PBXGroup;
			children = (
				C76CB4CB27A948A000A3D65C /* UI */,
				C76CB4C827A9488E00A3D65C /* UserFormViewController.swift */,
			);
			path = View;
			sourceTree = "<group>";
		};
		C76CB4CB27A948A000A3D65C /* UI */ = {
			isa = PBXGroup;
			children = (
				C76CB4C627A9488400A3D65C /* UserFormViewController.storyboard */,
			);
			path = UI;
			sourceTree = "<group>";
		};
		C76CB4CC27A948BA00A3D65C /* UI */ = {
			isa = PBXGroup;
			children = (
				C70A350627A2C7FC00118998 /* GameDetailViewController.storyboard */,
			);
			path = UI;
			sourceTree = "<group>";
		};
		C76CB4CD27A948C400A3D65C /* UI */ = {
			isa = PBXGroup;
			children = (
				C7587341279F7362006C0A64 /* ListGamesViewController.storyboard */,
			);
			path = UI;
			sourceTree = "<group>";
		};
		C76CB4CE27A9547C00A3D65C /* Presenter */ = {
			isa = PBXGroup;
			children = (
				C76CB4D427A954C000A3D65C /* UserFormPresenter.swift */,
			);
			path = Presenter;
			sourceTree = "<group>";
		};
		C76CB4CF27A9548B00A3D65C /* Interactor */ = {
			isa = PBXGroup;
			children = (
				C76CB4D627A954C700A3D65C /* UserFormInteractor.swift */,
			);
			path = Interactor;
			sourceTree = "<group>";
		};
		C76CB4D827A9838100A3D65C /* Model */ = {
			isa = PBXGroup;
			children = (
				C76CB4D927A9838F00A3D65C /* User.swift */,
			);
			path = Model;
			sourceTree = "<group>";
		};
		C76F746927AD40E6005E80B5 /* PermissionController */ = {
			isa = PBXGroup;
			children = (
				C76F746A27AD4110005E80B5 /* View */,
				C76F746B27AD4116005E80B5 /* Interactor */,
				C76F746C27AD411D005E80B5 /* Presenter */,
				C76F746D27AD4137005E80B5 /* PermissionContract.swift */,
				C76F747927AD92AB005E80B5 /* PermissionControllerBuilder.swift */,
			);
			path = PermissionController;
			sourceTree = "<group>";
		};
		C76F746A27AD4110005E80B5 /* View */ = {
			isa = PBXGroup;
			children = (
				C76F747127AD4680005E80B5 /* PermissionViewController.storyboard */,
				C76F747327AD468B005E80B5 /* PermissionViewController.swift */,
			);
			path = View;
			sourceTree = "<group>";
		};
		C76F746B27AD4116005E80B5 /* Interactor */ = {
			isa = PBXGroup;
			children = (
			);
			path = Interactor;
			sourceTree = "<group>";
		};
		C76F746C27AD411D005E80B5 /* Presenter */ = {
			isa = PBXGroup;
			children = (
				C76F747527AD51B4005E80B5 /* PermissionPresenter.swift */,
			);
			path = Presenter;
			sourceTree = "<group>";
		};
		C798E0D227AB22CB00E32C3F /* Supporting files */ = {
			isa = PBXGroup;
			children = (
				C798E0D827AB238600E32C3F /* Localizable.strings */,
			);
			path = "Supporting files";
			sourceTree = "<group>";
		};
		C7E78E5227A869F600A25568 /* Model */ = {
			isa = PBXGroup;
			children = (
				C7DDAADF27A5B96F00F0EF71 /* GameDetail.swift */,
			);
			path = Model;
			sourceTree = "<group>";
		};
/* End PBXGroup section */

/* Begin PBXNativeTarget section */
		C75872F5279F58AD006C0A64 /* FreeGames-iOS */ = {
			isa = PBXNativeTarget;
			buildConfigurationList = C7587320279F58B0006C0A64 /* Build configuration list for PBXNativeTarget "FreeGames-iOS" */;
			buildPhases = (
				42EFC944D631A2AD3BF82B18 /* [CP] Check Pods Manifest.lock */,
				C75872F2279F58AD006C0A64 /* Sources */,
				C75872F3279F58AD006C0A64 /* Frameworks */,
				C75872F4279F58AD006C0A64 /* Resources */,
				3484025D01DD2B71FF499294 /* [CP] Embed Pods Frameworks */,
			);
			buildRules = (
			);
			dependencies = (
			);
			name = "FreeGames-iOS";
			productName = "FreeGames-iOS";
			productReference = C75872F6279F58AD006C0A64 /* FreeGames-iOS.app */;
			productType = "com.apple.product-type.application";
		};
		C758730B279F58B0006C0A64 /* FreeGames-iOSTests */ = {
			isa = PBXNativeTarget;
			buildConfigurationList = C7587323279F58B0006C0A64 /* Build configuration list for PBXNativeTarget "FreeGames-iOSTests" */;
			buildPhases = (
				CAC62501DBDE44852ECF735F /* [CP] Check Pods Manifest.lock */,
				C7587308279F58B0006C0A64 /* Sources */,
				C7587309279F58B0006C0A64 /* Frameworks */,
				C758730A279F58B0006C0A64 /* Resources */,
			);
			buildRules = (
			);
			dependencies = (
				C758730E279F58B0006C0A64 /* PBXTargetDependency */,
			);
			name = "FreeGames-iOSTests";
			productName = "FreeGames-iOSTests";
			productReference = C758730C279F58B0006C0A64 /* FreeGames-iOSTests.xctest */;
			productType = "com.apple.product-type.bundle.unit-test";
		};
		C7587315279F58B0006C0A64 /* FreeGames-iOSUITests */ = {
			isa = PBXNativeTarget;
			buildConfigurationList = C7587326279F58B0006C0A64 /* Build configuration list for PBXNativeTarget "FreeGames-iOSUITests" */;
			buildPhases = (
				8765187B748F95C084BF431C /* [CP] Check Pods Manifest.lock */,
				C7587312279F58B0006C0A64 /* Sources */,
				C7587313279F58B0006C0A64 /* Frameworks */,
				C7587314279F58B0006C0A64 /* Resources */,
				DC56A630D9CBF7A5FE1B3A08 /* [CP] Embed Pods Frameworks */,
			);
			buildRules = (
			);
			dependencies = (
				C7587318279F58B0006C0A64 /* PBXTargetDependency */,
			);
			name = "FreeGames-iOSUITests";
			productName = "FreeGames-iOSUITests";
			productReference = C7587316279F58B0006C0A64 /* FreeGames-iOSUITests.xctest */;
			productType = "com.apple.product-type.bundle.ui-testing";
		};
/* End PBXNativeTarget section */

/* Begin PBXProject section */
		C75872EE279F58AD006C0A64 /* Project object */ = {
			isa = PBXProject;
			attributes = {
				BuildIndependentTargetsInParallel = 1;
				LastSwiftUpdateCheck = 1300;
				LastUpgradeCheck = 1300;
				TargetAttributes = {
					C75872F5279F58AD006C0A64 = {
						CreatedOnToolsVersion = 13.0;
					};
					C758730B279F58B0006C0A64 = {
						CreatedOnToolsVersion = 13.0;
						TestTargetID = C75872F5279F58AD006C0A64;
					};
					C7587315279F58B0006C0A64 = {
						CreatedOnToolsVersion = 13.0;
						TestTargetID = C75872F5279F58AD006C0A64;
					};
				};
			};
			buildConfigurationList = C75872F1279F58AD006C0A64 /* Build configuration list for PBXProject "FreeGames-iOS" */;
			compatibilityVersion = "Xcode 13.0";
			developmentRegion = en;
			hasScannedForEncodings = 0;
			knownRegions = (
				en,
				Base,
				es,
			);
			mainGroup = C75872ED279F58AD006C0A64;
			productRefGroup = C75872F7279F58AD006C0A64 /* Products */;
			projectDirPath = "";
			projectRoot = "";
			targets = (
				C75872F5279F58AD006C0A64 /* FreeGames-iOS */,
				C758730B279F58B0006C0A64 /* FreeGames-iOSTests */,
				C7587315279F58B0006C0A64 /* FreeGames-iOSUITests */,
			);
		};
/* End PBXProject section */

/* Begin PBXResourcesBuildPhase section */
		C75872F4279F58AD006C0A64 /* Resources */ = {
			isa = PBXResourcesBuildPhase;
			buildActionMask = 2147483647;
			files = (
				C76F747227AD4680005E80B5 /* PermissionViewController.storyboard in Resources */,
				C7587342279F7362006C0A64 /* ListGamesViewController.storyboard in Resources */,
				C798E0D627AB238600E32C3F /* Localizable.strings in Resources */,
				C7587306279F58B0006C0A64 /* LaunchScreen.storyboard in Resources */,
				C76CB4C727A9488400A3D65C /* UserFormViewController.storyboard in Resources */,
				C70A350727A2C7FD00118998 /* GameDetailViewController.storyboard in Resources */,
				C7587303279F58B0006C0A64 /* Assets.xcassets in Resources */,
			);
			runOnlyForDeploymentPostprocessing = 0;
		};
		C758730A279F58B0006C0A64 /* Resources */ = {
			isa = PBXResourcesBuildPhase;
			buildActionMask = 2147483647;
			files = (
			);
			runOnlyForDeploymentPostprocessing = 0;
		};
		C7587314279F58B0006C0A64 /* Resources */ = {
			isa = PBXResourcesBuildPhase;
			buildActionMask = 2147483647;
			files = (
			);
			runOnlyForDeploymentPostprocessing = 0;
		};
/* End PBXResourcesBuildPhase section */

/* Begin PBXShellScriptBuildPhase section */
		3484025D01DD2B71FF499294 /* [CP] Embed Pods Frameworks */ = {
			isa = PBXShellScriptBuildPhase;
			buildActionMask = 2147483647;
			files = (
			);
			inputFileListPaths = (
				"${PODS_ROOT}/Target Support Files/Pods-FreeGames-iOS/Pods-FreeGames-iOS-frameworks-${CONFIGURATION}-input-files.xcfilelist",
			);
			name = "[CP] Embed Pods Frameworks";
			outputFileListPaths = (
				"${PODS_ROOT}/Target Support Files/Pods-FreeGames-iOS/Pods-FreeGames-iOS-frameworks-${CONFIGURATION}-output-files.xcfilelist",
			);
			runOnlyForDeploymentPostprocessing = 0;
			shellPath = /bin/sh;
			shellScript = "\"${PODS_ROOT}/Target Support Files/Pods-FreeGames-iOS/Pods-FreeGames-iOS-frameworks.sh\"\n";
			showEnvVarsInLog = 0;
		};
		42EFC944D631A2AD3BF82B18 /* [CP] Check Pods Manifest.lock */ = {
			isa = PBXShellScriptBuildPhase;
			buildActionMask = 2147483647;
			files = (
			);
			inputFileListPaths = (
			);
			inputPaths = (
				"${PODS_PODFILE_DIR_PATH}/Podfile.lock",
				"${PODS_ROOT}/Manifest.lock",
			);
			name = "[CP] Check Pods Manifest.lock";
			outputFileListPaths = (
			);
			outputPaths = (
				"$(DERIVED_FILE_DIR)/Pods-FreeGames-iOS-checkManifestLockResult.txt",
			);
			runOnlyForDeploymentPostprocessing = 0;
			shellPath = /bin/sh;
			shellScript = "diff \"${PODS_PODFILE_DIR_PATH}/Podfile.lock\" \"${PODS_ROOT}/Manifest.lock\" > /dev/null\nif [ $? != 0 ] ; then\n    # print error to STDERR\n    echo \"error: The sandbox is not in sync with the Podfile.lock. Run 'pod install' or update your CocoaPods installation.\" >&2\n    exit 1\nfi\n# This output is used by Xcode 'outputs' to avoid re-running this script phase.\necho \"SUCCESS\" > \"${SCRIPT_OUTPUT_FILE_0}\"\n";
			showEnvVarsInLog = 0;
		};
		8765187B748F95C084BF431C /* [CP] Check Pods Manifest.lock */ = {
			isa = PBXShellScriptBuildPhase;
			buildActionMask = 2147483647;
			files = (
			);
			inputFileListPaths = (
			);
			inputPaths = (
				"${PODS_PODFILE_DIR_PATH}/Podfile.lock",
				"${PODS_ROOT}/Manifest.lock",
			);
			name = "[CP] Check Pods Manifest.lock";
			outputFileListPaths = (
			);
			outputPaths = (
				"$(DERIVED_FILE_DIR)/Pods-FreeGames-iOS-FreeGames-iOSUITests-checkManifestLockResult.txt",
			);
			runOnlyForDeploymentPostprocessing = 0;
			shellPath = /bin/sh;
			shellScript = "diff \"${PODS_PODFILE_DIR_PATH}/Podfile.lock\" \"${PODS_ROOT}/Manifest.lock\" > /dev/null\nif [ $? != 0 ] ; then\n    # print error to STDERR\n    echo \"error: The sandbox is not in sync with the Podfile.lock. Run 'pod install' or update your CocoaPods installation.\" >&2\n    exit 1\nfi\n# This output is used by Xcode 'outputs' to avoid re-running this script phase.\necho \"SUCCESS\" > \"${SCRIPT_OUTPUT_FILE_0}\"\n";
			showEnvVarsInLog = 0;
		};
		CAC62501DBDE44852ECF735F /* [CP] Check Pods Manifest.lock */ = {
			isa = PBXShellScriptBuildPhase;
			buildActionMask = 2147483647;
			files = (
			);
			inputFileListPaths = (
			);
			inputPaths = (
				"${PODS_PODFILE_DIR_PATH}/Podfile.lock",
				"${PODS_ROOT}/Manifest.lock",
			);
			name = "[CP] Check Pods Manifest.lock";
			outputFileListPaths = (
			);
			outputPaths = (
				"$(DERIVED_FILE_DIR)/Pods-FreeGames-iOSTests-checkManifestLockResult.txt",
			);
			runOnlyForDeploymentPostprocessing = 0;
			shellPath = /bin/sh;
			shellScript = "diff \"${PODS_PODFILE_DIR_PATH}/Podfile.lock\" \"${PODS_ROOT}/Manifest.lock\" > /dev/null\nif [ $? != 0 ] ; then\n    # print error to STDERR\n    echo \"error: The sandbox is not in sync with the Podfile.lock. Run 'pod install' or update your CocoaPods installation.\" >&2\n    exit 1\nfi\n# This output is used by Xcode 'outputs' to avoid re-running this script phase.\necho \"SUCCESS\" > \"${SCRIPT_OUTPUT_FILE_0}\"\n";
			showEnvVarsInLog = 0;
		};
		DC56A630D9CBF7A5FE1B3A08 /* [CP] Embed Pods Frameworks */ = {
			isa = PBXShellScriptBuildPhase;
			buildActionMask = 2147483647;
			files = (
			);
			inputFileListPaths = (
				"${PODS_ROOT}/Target Support Files/Pods-FreeGames-iOS-FreeGames-iOSUITests/Pods-FreeGames-iOS-FreeGames-iOSUITests-frameworks-${CONFIGURATION}-input-files.xcfilelist",
			);
			name = "[CP] Embed Pods Frameworks";
			outputFileListPaths = (
				"${PODS_ROOT}/Target Support Files/Pods-FreeGames-iOS-FreeGames-iOSUITests/Pods-FreeGames-iOS-FreeGames-iOSUITests-frameworks-${CONFIGURATION}-output-files.xcfilelist",
			);
			runOnlyForDeploymentPostprocessing = 0;
			shellPath = /bin/sh;
			shellScript = "\"${PODS_ROOT}/Target Support Files/Pods-FreeGames-iOS-FreeGames-iOSUITests/Pods-FreeGames-iOS-FreeGames-iOSUITests-frameworks.sh\"\n";
			showEnvVarsInLog = 0;
		};
/* End PBXShellScriptBuildPhase section */

/* Begin PBXSourcesBuildPhase section */
		C75872F2279F58AD006C0A64 /* Sources */ = {
			isa = PBXSourcesBuildPhase;
			buildActionMask = 2147483647;
			files = (
				C758733C279F65C1006C0A64 /* GamesListInteractor.swift in Sources */,
				C758733A279F65B5006C0A64 /* GamesListPresenter.swift in Sources */,
				C70A350027A2B83000118998 /* GameProvider.swift in Sources */,
				C76CB4C927A9488E00A3D65C /* UserFormViewController.swift in Sources */,
				C7587338279F63C3006C0A64 /* GamesViewContract.swift in Sources */,
				C76F746E27AD4137005E80B5 /* PermissionContract.swift in Sources */,
				C76CB4D527A954C000A3D65C /* UserFormPresenter.swift in Sources */,
				C7587336279F63B3006C0A64 /* GamesControllerBuilder.swift in Sources */,
				C76CB4D127A954A900A3D65C /* UserFormBuilder.swift in Sources */,
				C7587344279F7387006C0A64 /* ListGamesViewController.swift in Sources */,
				C75872FA279F58AD006C0A64 /* AppDelegate.swift in Sources */,
				C70A350C27A2D33100118998 /* GamesListWireframe.swift in Sources */,
				C76F747A27AD92AB005E80B5 /* PermissionControllerBuilder.swift in Sources */,
				C7DDAADE27A5B24800F0EF71 /* BundleExtensions.swift in Sources */,
				C76CB4D327A954B400A3D65C /* UserFormContract.swift in Sources */,
				C70A350927A2C81900118998 /* GameDetailViewController.swift in Sources */,
				C7587340279F6D00006C0A64 /* ServiceConstants.swift in Sources */,
				C758732C279F5D80006C0A64 /* InitialControllerBuilder.swift in Sources */,
				C70A350327A2C5A700118998 /* UIViewControllerExtension.swift in Sources */,
				C70A350E27A2D39400118998 /* GameDetailControllerBuilder.swift in Sources */,
				C76F747427AD468B005E80B5 /* PermissionViewController.swift in Sources */,
				C7587332279F5F3F006C0A64 /* Game.swift in Sources */,
				C76CB4DC27A98A9500A3D65C /* UserProvider.swift in Sources */,
				C7587334279F6326006C0A64 /* GamesCollectionViewCell.swift in Sources */,
				C76CB4DA27A9838F00A3D65C /* User.swift in Sources */,
				C7DDAAE027A5B96F00F0EF71 /* GameDetail.swift in Sources */,
				C75872FC279F58AD006C0A64 /* SceneDelegate.swift in Sources */,
				C798E0DC27AB256700E32C3F /* StringExtensions.swift in Sources */,
				C76CB4D727A954C700A3D65C /* UserFormInteractor.swift in Sources */,
				C76F747627AD51B4005E80B5 /* PermissionPresenter.swift in Sources */,
			);
			runOnlyForDeploymentPostprocessing = 0;
		};
		C7587308279F58B0006C0A64 /* Sources */ = {
			isa = PBXSourcesBuildPhase;
			buildActionMask = 2147483647;
			files = (
				C7587311279F58B0006C0A64 /* FreeGames_iOSTests.swift in Sources */,
			);
			runOnlyForDeploymentPostprocessing = 0;
		};
		C7587312279F58B0006C0A64 /* Sources */ = {
			isa = PBXSourcesBuildPhase;
			buildActionMask = 2147483647;
			files = (
				C758731D279F58B0006C0A64 /* FreeGames_iOSUITestsLaunchTests.swift in Sources */,
				C758731B279F58B0006C0A64 /* FreeGames_iOSUITests.swift in Sources */,
			);
			runOnlyForDeploymentPostprocessing = 0;
		};
/* End PBXSourcesBuildPhase section */

/* Begin PBXTargetDependency section */
		C758730E279F58B0006C0A64 /* PBXTargetDependency */ = {
			isa = PBXTargetDependency;
			target = C75872F5279F58AD006C0A64 /* FreeGames-iOS */;
			targetProxy = C758730D279F58B0006C0A64 /* PBXContainerItemProxy */;
		};
		C7587318279F58B0006C0A64 /* PBXTargetDependency */ = {
			isa = PBXTargetDependency;
			target = C75872F5279F58AD006C0A64 /* FreeGames-iOS */;
			targetProxy = C7587317279F58B0006C0A64 /* PBXContainerItemProxy */;
		};
/* End PBXTargetDependency section */

/* Begin PBXVariantGroup section */
		C7587304279F58B0006C0A64 /* LaunchScreen.storyboard */ = {
			isa = PBXVariantGroup;
			children = (
				C7587305279F58B0006C0A64 /* Base */,
			);
			name = LaunchScreen.storyboard;
			sourceTree = "<group>";
		};
		C798E0D827AB238600E32C3F /* Localizable.strings */ = {
			isa = PBXVariantGroup;
			children = (
				C798E0D727AB238600E32C3F /* en */,
				C798E0DA27AB23CE00E32C3F /* es */,
			);
			name = Localizable.strings;
			sourceTree = "<group>";
		};
/* End PBXVariantGroup section */

/* Begin XCBuildConfiguration section */
		C758731E279F58B0006C0A64 /* Debug */ = {
			isa = XCBuildConfiguration;
			buildSettings = {
				ALWAYS_SEARCH_USER_PATHS = NO;
				CLANG_ANALYZER_LOCALIZABILITY_NONLOCALIZED = YES;
				CLANG_ANALYZER_NONNULL = YES;
				CLANG_ANALYZER_NUMBER_OBJECT_CONVERSION = YES_AGGRESSIVE;
				CLANG_CXX_LANGUAGE_STANDARD = "gnu++17";
				CLANG_CXX_LIBRARY = "libc++";
				CLANG_ENABLE_MODULES = YES;
				CLANG_ENABLE_OBJC_ARC = YES;
				CLANG_ENABLE_OBJC_WEAK = YES;
				CLANG_WARN_BLOCK_CAPTURE_AUTORELEASING = YES;
				CLANG_WARN_BOOL_CONVERSION = YES;
				CLANG_WARN_COMMA = YES;
				CLANG_WARN_CONSTANT_CONVERSION = YES;
				CLANG_WARN_DEPRECATED_OBJC_IMPLEMENTATIONS = YES;
				CLANG_WARN_DIRECT_OBJC_ISA_USAGE = YES_ERROR;
				CLANG_WARN_DOCUMENTATION_COMMENTS = YES;
				CLANG_WARN_EMPTY_BODY = YES;
				CLANG_WARN_ENUM_CONVERSION = YES;
				CLANG_WARN_INFINITE_RECURSION = YES;
				CLANG_WARN_INT_CONVERSION = YES;
				CLANG_WARN_NON_LITERAL_NULL_CONVERSION = YES;
				CLANG_WARN_OBJC_IMPLICIT_RETAIN_SELF = YES;
				CLANG_WARN_OBJC_LITERAL_CONVERSION = YES;
				CLANG_WARN_OBJC_ROOT_CLASS = YES_ERROR;
				CLANG_WARN_QUOTED_INCLUDE_IN_FRAMEWORK_HEADER = YES;
				CLANG_WARN_RANGE_LOOP_ANALYSIS = YES;
				CLANG_WARN_STRICT_PROTOTYPES = YES;
				CLANG_WARN_SUSPICIOUS_MOVE = YES;
				CLANG_WARN_UNGUARDED_AVAILABILITY = YES_AGGRESSIVE;
				CLANG_WARN_UNREACHABLE_CODE = YES;
				CLANG_WARN__DUPLICATE_METHOD_MATCH = YES;
				COPY_PHASE_STRIP = NO;
				DEBUG_INFORMATION_FORMAT = dwarf;
				ENABLE_STRICT_OBJC_MSGSEND = YES;
				ENABLE_TESTABILITY = YES;
				GCC_C_LANGUAGE_STANDARD = gnu11;
				GCC_DYNAMIC_NO_PIC = NO;
				GCC_NO_COMMON_BLOCKS = YES;
				GCC_OPTIMIZATION_LEVEL = 0;
				GCC_PREPROCESSOR_DEFINITIONS = (
					"DEBUG=1",
					"$(inherited)",
				);
				GCC_WARN_64_TO_32_BIT_CONVERSION = YES;
				GCC_WARN_ABOUT_RETURN_TYPE = YES_ERROR;
				GCC_WARN_UNDECLARED_SELECTOR = YES;
				GCC_WARN_UNINITIALIZED_AUTOS = YES_AGGRESSIVE;
				GCC_WARN_UNUSED_FUNCTION = YES;
				GCC_WARN_UNUSED_VARIABLE = YES;
				IPHONEOS_DEPLOYMENT_TARGET = 15.0;
				MTL_ENABLE_DEBUG_INFO = INCLUDE_SOURCE;
				MTL_FAST_MATH = YES;
				ONLY_ACTIVE_ARCH = YES;
				SDKROOT = iphoneos;
				SWIFT_ACTIVE_COMPILATION_CONDITIONS = DEBUG;
				SWIFT_OPTIMIZATION_LEVEL = "-Onone";
			};
			name = Debug;
		};
		C758731F279F58B0006C0A64 /* Release */ = {
			isa = XCBuildConfiguration;
			buildSettings = {
				ALWAYS_SEARCH_USER_PATHS = NO;
				CLANG_ANALYZER_LOCALIZABILITY_NONLOCALIZED = YES;
				CLANG_ANALYZER_NONNULL = YES;
				CLANG_ANALYZER_NUMBER_OBJECT_CONVERSION = YES_AGGRESSIVE;
				CLANG_CXX_LANGUAGE_STANDARD = "gnu++17";
				CLANG_CXX_LIBRARY = "libc++";
				CLANG_ENABLE_MODULES = YES;
				CLANG_ENABLE_OBJC_ARC = YES;
				CLANG_ENABLE_OBJC_WEAK = YES;
				CLANG_WARN_BLOCK_CAPTURE_AUTORELEASING = YES;
				CLANG_WARN_BOOL_CONVERSION = YES;
				CLANG_WARN_COMMA = YES;
				CLANG_WARN_CONSTANT_CONVERSION = YES;
				CLANG_WARN_DEPRECATED_OBJC_IMPLEMENTATIONS = YES;
				CLANG_WARN_DIRECT_OBJC_ISA_USAGE = YES_ERROR;
				CLANG_WARN_DOCUMENTATION_COMMENTS = YES;
				CLANG_WARN_EMPTY_BODY = YES;
				CLANG_WARN_ENUM_CONVERSION = YES;
				CLANG_WARN_INFINITE_RECURSION = YES;
				CLANG_WARN_INT_CONVERSION = YES;
				CLANG_WARN_NON_LITERAL_NULL_CONVERSION = YES;
				CLANG_WARN_OBJC_IMPLICIT_RETAIN_SELF = YES;
				CLANG_WARN_OBJC_LITERAL_CONVERSION = YES;
				CLANG_WARN_OBJC_ROOT_CLASS = YES_ERROR;
				CLANG_WARN_QUOTED_INCLUDE_IN_FRAMEWORK_HEADER = YES;
				CLANG_WARN_RANGE_LOOP_ANALYSIS = YES;
				CLANG_WARN_STRICT_PROTOTYPES = YES;
				CLANG_WARN_SUSPICIOUS_MOVE = YES;
				CLANG_WARN_UNGUARDED_AVAILABILITY = YES_AGGRESSIVE;
				CLANG_WARN_UNREACHABLE_CODE = YES;
				CLANG_WARN__DUPLICATE_METHOD_MATCH = YES;
				COPY_PHASE_STRIP = NO;
				DEBUG_INFORMATION_FORMAT = "dwarf-with-dsym";
				ENABLE_NS_ASSERTIONS = NO;
				ENABLE_STRICT_OBJC_MSGSEND = YES;
				GCC_C_LANGUAGE_STANDARD = gnu11;
				GCC_NO_COMMON_BLOCKS = YES;
				GCC_WARN_64_TO_32_BIT_CONVERSION = YES;
				GCC_WARN_ABOUT_RETURN_TYPE = YES_ERROR;
				GCC_WARN_UNDECLARED_SELECTOR = YES;
				GCC_WARN_UNINITIALIZED_AUTOS = YES_AGGRESSIVE;
				GCC_WARN_UNUSED_FUNCTION = YES;
				GCC_WARN_UNUSED_VARIABLE = YES;
				IPHONEOS_DEPLOYMENT_TARGET = 15.0;
				MTL_ENABLE_DEBUG_INFO = NO;
				MTL_FAST_MATH = YES;
				SDKROOT = iphoneos;
				SWIFT_COMPILATION_MODE = wholemodule;
				SWIFT_OPTIMIZATION_LEVEL = "-O";
				VALIDATE_PRODUCT = YES;
			};
			name = Release;
		};
		C7587321279F58B0006C0A64 /* Debug */ = {
			isa = XCBuildConfiguration;
			baseConfigurationReference = 79B81D66BBE486C962D8BCBD /* Pods-FreeGames-iOS.debug.xcconfig */;
			buildSettings = {
				API_BASE_URL = "https://www.freetogame.com/api/game";
				ASSETCATALOG_COMPILER_APPICON_NAME = AppIcon;
				ASSETCATALOG_COMPILER_GLOBAL_ACCENT_COLOR_NAME = AccentColor;
				CODE_SIGN_STYLE = Automatic;
				CURRENT_PROJECT_VERSION = 1;
				DEVELOPMENT_TEAM = 998HSZS578;
				GENERATE_INFOPLIST_FILE = YES;
				INFOPLIST_FILE = "FreeGames-iOS/Info.plist";
				INFOPLIST_KEY_UIApplicationSupportsIndirectInputEvents = YES;
				INFOPLIST_KEY_UILaunchStoryboardName = LaunchScreen;
				INFOPLIST_KEY_UISupportedInterfaceOrientations_iPad = "UIInterfaceOrientationPortrait UIInterfaceOrientationPortraitUpsideDown UIInterfaceOrientationLandscapeLeft UIInterfaceOrientationLandscapeRight";
				INFOPLIST_KEY_UISupportedInterfaceOrientations_iPhone = "UIInterfaceOrientationPortrait UIInterfaceOrientationLandscapeLeft UIInterfaceOrientationLandscapeRight";
				LD_RUNPATH_SEARCH_PATHS = (
					"$(inherited)",
					"@executable_path/Frameworks",
				);
				MARKETING_VERSION = 1.0;
				PRODUCT_BUNDLE_IDENTIFIER = "com.esther.FreeGames-iOS";
				PRODUCT_NAME = "$(TARGET_NAME)";
				SWIFT_EMIT_LOC_STRINGS = YES;
				SWIFT_VERSION = 5.0;
				TARGETED_DEVICE_FAMILY = "1,2";
			};
			name = Debug;
		};
		C7587322279F58B0006C0A64 /* Release */ = {
			isa = XCBuildConfiguration;
			baseConfigurationReference = E0622FB1FD98B4133E48B6CC /* Pods-FreeGames-iOS.release.xcconfig */;
			buildSettings = {
				API_BASE_URL = "https://www.freetogame.com/api/game";
				ASSETCATALOG_COMPILER_APPICON_NAME = AppIcon;
				ASSETCATALOG_COMPILER_GLOBAL_ACCENT_COLOR_NAME = AccentColor;
				CODE_SIGN_STYLE = Automatic;
				CURRENT_PROJECT_VERSION = 1;
				DEVELOPMENT_TEAM = 998HSZS578;
				GENERATE_INFOPLIST_FILE = YES;
				INFOPLIST_FILE = "FreeGames-iOS/Info.plist";
				INFOPLIST_KEY_UIApplicationSupportsIndirectInputEvents = YES;
				INFOPLIST_KEY_UILaunchStoryboardName = LaunchScreen;
				INFOPLIST_KEY_UISupportedInterfaceOrientations_iPad = "UIInterfaceOrientationPortrait UIInterfaceOrientationPortraitUpsideDown UIInterfaceOrientationLandscapeLeft UIInterfaceOrientationLandscapeRight";
				INFOPLIST_KEY_UISupportedInterfaceOrientations_iPhone = "UIInterfaceOrientationPortrait UIInterfaceOrientationLandscapeLeft UIInterfaceOrientationLandscapeRight";
				LD_RUNPATH_SEARCH_PATHS = (
					"$(inherited)",
					"@executable_path/Frameworks",
				);
				MARKETING_VERSION = 1.0;
				PRODUCT_BUNDLE_IDENTIFIER = "com.esther.FreeGames-iOS";
				PRODUCT_NAME = "$(TARGET_NAME)";
				SWIFT_EMIT_LOC_STRINGS = YES;
				SWIFT_VERSION = 5.0;
				TARGETED_DEVICE_FAMILY = "1,2";
			};
			name = Release;
		};
		C7587324279F58B0006C0A64 /* Debug */ = {
			isa = XCBuildConfiguration;
			baseConfigurationReference = 9F83AE252800A6C6B4687B17 /* Pods-FreeGames-iOSTests.debug.xcconfig */;
			buildSettings = {
				ALWAYS_EMBED_SWIFT_STANDARD_LIBRARIES = YES;
				BUNDLE_LOADER = "$(TEST_HOST)";
				CODE_SIGN_STYLE = Automatic;
				CURRENT_PROJECT_VERSION = 1;
				DEVELOPMENT_TEAM = 998HSZS578;
				GENERATE_INFOPLIST_FILE = YES;
				IPHONEOS_DEPLOYMENT_TARGET = 15.0;
				LD_RUNPATH_SEARCH_PATHS = (
					"$(inherited)",
					"@executable_path/Frameworks",
					"@loader_path/Frameworks",
				);
				MARKETING_VERSION = 1.0;
				PRODUCT_BUNDLE_IDENTIFIER = "com.esther.FreeGames-iOSTests";
				PRODUCT_NAME = "$(TARGET_NAME)";
				SWIFT_EMIT_LOC_STRINGS = NO;
				SWIFT_VERSION = 5.0;
				TARGETED_DEVICE_FAMILY = "1,2";
				TEST_HOST = "$(BUILT_PRODUCTS_DIR)/FreeGames-iOS.app/FreeGames-iOS";
			};
			name = Debug;
		};
		C7587325279F58B0006C0A64 /* Release */ = {
			isa = XCBuildConfiguration;
			baseConfigurationReference = 30A8E0EC6027A5E96AF5FF27 /* Pods-FreeGames-iOSTests.release.xcconfig */;
			buildSettings = {
				ALWAYS_EMBED_SWIFT_STANDARD_LIBRARIES = YES;
				BUNDLE_LOADER = "$(TEST_HOST)";
				CODE_SIGN_STYLE = Automatic;
				CURRENT_PROJECT_VERSION = 1;
				DEVELOPMENT_TEAM = 998HSZS578;
				GENERATE_INFOPLIST_FILE = YES;
				IPHONEOS_DEPLOYMENT_TARGET = 15.0;
				LD_RUNPATH_SEARCH_PATHS = (
					"$(inherited)",
					"@executable_path/Frameworks",
					"@loader_path/Frameworks",
				);
				MARKETING_VERSION = 1.0;
				PRODUCT_BUNDLE_IDENTIFIER = "com.esther.FreeGames-iOSTests";
				PRODUCT_NAME = "$(TARGET_NAME)";
				SWIFT_EMIT_LOC_STRINGS = NO;
				SWIFT_VERSION = 5.0;
				TARGETED_DEVICE_FAMILY = "1,2";
				TEST_HOST = "$(BUILT_PRODUCTS_DIR)/FreeGames-iOS.app/FreeGames-iOS";
			};
			name = Release;
		};
		C7587327279F58B0006C0A64 /* Debug */ = {
			isa = XCBuildConfiguration;
			baseConfigurationReference = FEB6DE9DD241DC20C8EADABF /* Pods-FreeGames-iOS-FreeGames-iOSUITests.debug.xcconfig */;
			buildSettings = {
				ALWAYS_EMBED_SWIFT_STANDARD_LIBRARIES = YES;
				CODE_SIGN_STYLE = Automatic;
				CURRENT_PROJECT_VERSION = 1;
				DEVELOPMENT_TEAM = 998HSZS578;
				GENERATE_INFOPLIST_FILE = YES;
				LD_RUNPATH_SEARCH_PATHS = (
					"$(inherited)",
					"@executable_path/Frameworks",
					"@loader_path/Frameworks",
				);
				MARKETING_VERSION = 1.0;
				PRODUCT_BUNDLE_IDENTIFIER = "com.esther.FreeGames-iOSUITests";
				PRODUCT_NAME = "$(TARGET_NAME)";
				SWIFT_EMIT_LOC_STRINGS = NO;
				SWIFT_VERSION = 5.0;
				TARGETED_DEVICE_FAMILY = "1,2";
				TEST_TARGET_NAME = "FreeGames-iOS";
			};
			name = Debug;
		};
		C7587328279F58B0006C0A64 /* Release */ = {
			isa = XCBuildConfiguration;
			baseConfigurationReference = 857B0068B31B8FA1AEBF6890 /* Pods-FreeGames-iOS-FreeGames-iOSUITests.release.xcconfig */;
			buildSettings = {
				ALWAYS_EMBED_SWIFT_STANDARD_LIBRARIES = YES;
				CODE_SIGN_STYLE = Automatic;
				CURRENT_PROJECT_VERSION = 1;
				DEVELOPMENT_TEAM = 998HSZS578;
				GENERATE_INFOPLIST_FILE = YES;
				LD_RUNPATH_SEARCH_PATHS = (
					"$(inherited)",
					"@executable_path/Frameworks",
					"@loader_path/Frameworks",
				);
				MARKETING_VERSION = 1.0;
				PRODUCT_BUNDLE_IDENTIFIER = "com.esther.FreeGames-iOSUITests";
				PRODUCT_NAME = "$(TARGET_NAME)";
				SWIFT_EMIT_LOC_STRINGS = NO;
				SWIFT_VERSION = 5.0;
				TARGETED_DEVICE_FAMILY = "1,2";
				TEST_TARGET_NAME = "FreeGames-iOS";
			};
			name = Release;
		};
/* End XCBuildConfiguration section */

/* Begin XCConfigurationList section */
		C75872F1279F58AD006C0A64 /* Build configuration list for PBXProject "FreeGames-iOS" */ = {
			isa = XCConfigurationList;
			buildConfigurations = (
				C758731E279F58B0006C0A64 /* Debug */,
				C758731F279F58B0006C0A64 /* Release */,
			);
			defaultConfigurationIsVisible = 0;
			defaultConfigurationName = Release;
		};
		C7587320279F58B0006C0A64 /* Build configuration list for PBXNativeTarget "FreeGames-iOS" */ = {
			isa = XCConfigurationList;
			buildConfigurations = (
				C7587321279F58B0006C0A64 /* Debug */,
				C7587322279F58B0006C0A64 /* Release */,
			);
			defaultConfigurationIsVisible = 0;
			defaultConfigurationName = Release;
		};
		C7587323279F58B0006C0A64 /* Build configuration list for PBXNativeTarget "FreeGames-iOSTests" */ = {
			isa = XCConfigurationList;
			buildConfigurations = (
				C7587324279F58B0006C0A64 /* Debug */,
				C7587325279F58B0006C0A64 /* Release */,
			);
			defaultConfigurationIsVisible = 0;
			defaultConfigurationName = Release;
		};
		C7587326279F58B0006C0A64 /* Build configuration list for PBXNativeTarget "FreeGames-iOSUITests" */ = {
			isa = XCConfigurationList;
			buildConfigurations = (
				C7587327279F58B0006C0A64 /* Debug */,
				C7587328279F58B0006C0A64 /* Release */,
			);
			defaultConfigurationIsVisible = 0;
			defaultConfigurationName = Release;
		};
/* End XCConfigurationList section */
	};
	rootObject = C75872EE279F58AD006C0A64 /* Project object */;
}
